
Microsoft Visual Studio Solution File, Format Version 12.00
# Visual Studio Version 16
VisualStudioVersion = 16.0.31624.102
MinimumVisualStudioVersion = 10.0.40219.1
Project("{FAE04EC0-301F-11D3-BF4B-00C04F79EFBC}") = "webapi_cmv", "webapi_cmv\webapi_cmv.csproj", "{B9B88676-319E-4B4E-82FF-A8288F71DE4D}"
EndProject
Global
	GlobalSection(SolutionConfigurationPlatforms) = preSolution
		Debug|Any CPU = Debug|Any CPU
		Release|Any CPU = Release|Any CPU
	EndGlobalSection
	GlobalSection(ProjectConfigurationPlatforms) = postSolution
		{B9B88676-319E-4B4E-82FF-A8288F71DE4D}.Debug|Any CPU.ActiveCfg = Debug|Any CPU
		{B9B88676-319E-4B4E-82FF-A8288F71DE4D}.Debug|Any CPU.Build.0 = Debug|Any CPU
		{B9B88676-319E-4B4E-82FF-A8288F71DE4D}.Release|Any CPU.ActiveCfg = Release|Any CPU
		{B9B88676-319E-4B4E-82FF-A8288F71DE4D}.Release|Any CPU.Build.0 = Release|Any CPU
	EndGlobalSection
	GlobalSection(SolutionProperties) = preSolution
		HideSolutionNode = FALSE
	EndGlobalSection
	GlobalSection(ExtensibilityGlobals) = postSolution
		SolutionGuid = {4038BF57-C4B6-4D8A-9D6E-521132E7AAC2}
	EndGlobalSection
EndGlobal
